// !$*UTF8*$!
{
	archiveVersion = 1;
	classes = {
	};
	objectVersion = 48;
	objects = {

/* Begin PBXBuildFile section */
		C511608D20B4FC7600FE964B /* InfiniteLoopImageViewModel.swift in Sources */ = {isa = PBXBuildFile; fileRef = C596209520B4468900CFEED4 /* InfiniteLoopImageViewModel.swift */; };
		C511608E20B508B500FE964B /* Base.extension.swift in Sources */ = {isa = PBXBuildFile; fileRef = C596208C20B4467200CFEED4 /* Base.extension.swift */; };
		C511608F20B508B500FE964B /* String.extension.swift in Sources */ = {isa = PBXBuildFile; fileRef = C596208D20B4467200CFEED4 /* String.extension.swift */; };
		C511609020B508B500FE964B /* UIView.extension.swift in Sources */ = {isa = PBXBuildFile; fileRef = C596208E20B4467200CFEED4 /* UIView.extension.swift */; };
		C511609120B508B500FE964B /* UIViewController.extension.swift in Sources */ = {isa = PBXBuildFile; fileRef = C596208F20B4467200CFEED4 /* UIViewController.extension.swift */; };
		C511609320B512B400FE964B /* .travis.yml in Resources */ = {isa = PBXBuildFile; fileRef = C511609220B512B400FE964B /* .travis.yml */; };
		C511609420B5174300FE964B /* InfiniteLoopImageView.swift in Sources */ = {isa = PBXBuildFile; fileRef = C596209420B4468900CFEED4 /* InfiniteLoopImageView.swift */; };
		C596207B20B4465000CFEED4 /* InfiniteLoopImageView.framework in Frameworks */ = {isa = PBXBuildFile; fileRef = C596207120B4465000CFEED4 /* InfiniteLoopImageView.framework */; };
		C596208020B4465000CFEED4 /* InfiniteLoopImageViewTests.swift in Sources */ = {isa = PBXBuildFile; fileRef = C596207F20B4465000CFEED4 /* InfiniteLoopImageViewTests.swift */; };
		C596208220B4465000CFEED4 /* InfiniteLoopImageView.h in Headers */ = {isa = PBXBuildFile; fileRef = C596207420B4465000CFEED4 /* InfiniteLoopImageView.h */; settings = {ATTRIBUTES = (Public, ); }; };
		C596209020B4467200CFEED4 /* Base.extension.swift in Sources */ = {isa = PBXBuildFile; fileRef = C596208C20B4467200CFEED4 /* Base.extension.swift */; };
		C596209120B4467200CFEED4 /* String.extension.swift in Sources */ = {isa = PBXBuildFile; fileRef = C596208D20B4467200CFEED4 /* String.extension.swift */; };
		C596209220B4467200CFEED4 /* UIView.extension.swift in Sources */ = {isa = PBXBuildFile; fileRef = C596208E20B4467200CFEED4 /* UIView.extension.swift */; };
		C596209320B4467200CFEED4 /* UIViewController.extension.swift in Sources */ = {isa = PBXBuildFile; fileRef = C596208F20B4467200CFEED4 /* UIViewController.extension.swift */; };
		C596209620B4468900CFEED4 /* InfiniteLoopImageView.swift in Sources */ = {isa = PBXBuildFile; fileRef = C596209420B4468900CFEED4 /* InfiniteLoopImageView.swift */; };
		C596209720B4468900CFEED4 /* InfiniteLoopImageViewModel.swift in Sources */ = {isa = PBXBuildFile; fileRef = C596209520B4468900CFEED4 /* InfiniteLoopImageViewModel.swift */; };
/* End PBXBuildFile section */

/* Begin PBXContainerItemProxy section */
		C596207C20B4465000CFEED4 /* PBXContainerItemProxy */ = {
			isa = PBXContainerItemProxy;
			containerPortal = C596206820B4465000CFEED4 /* Project object */;
			proxyType = 1;
			remoteGlobalIDString = C596207020B4465000CFEED4;
			remoteInfo = InfiniteLoopImageView;
		};
/* End PBXContainerItemProxy section */

/* Begin PBXFileReference section */
		C511609220B512B400FE964B /* .travis.yml */ = {isa = PBXFileReference; fileEncoding = 4; lastKnownFileType = text; path = .travis.yml; sourceTree = "<group>"; };
		C596207120B4465000CFEED4 /* InfiniteLoopImageView.framework */ = {isa = PBXFileReference; explicitFileType = wrapper.framework; includeInIndex = 0; path = InfiniteLoopImageView.framework; sourceTree = BUILT_PRODUCTS_DIR; };
		C596207420B4465000CFEED4 /* InfiniteLoopImageView.h */ = {isa = PBXFileReference; lastKnownFileType = sourcecode.c.h; path = InfiniteLoopImageView.h; sourceTree = "<group>"; };
		C596207520B4465000CFEED4 /* Info.plist */ = {isa = PBXFileReference; lastKnownFileType = text.plist.xml; path = Info.plist; sourceTree = "<group>"; };
		C596207A20B4465000CFEED4 /* InfiniteLoopImageViewTests.xctest */ = {isa = PBXFileReference; explicitFileType = wrapper.cfbundle; includeInIndex = 0; path = InfiniteLoopImageViewTests.xctest; sourceTree = BUILT_PRODUCTS_DIR; };
		C596207F20B4465000CFEED4 /* InfiniteLoopImageViewTests.swift */ = {isa = PBXFileReference; lastKnownFileType = sourcecode.swift; path = InfiniteLoopImageViewTests.swift; sourceTree = "<group>"; };
		C596208120B4465000CFEED4 /* Info.plist */ = {isa = PBXFileReference; lastKnownFileType = text.plist.xml; path = Info.plist; sourceTree = "<group>"; };
		C596208C20B4467200CFEED4 /* Base.extension.swift */ = {isa = PBXFileReference; fileEncoding = 4; lastKnownFileType = sourcecode.swift; path = Base.extension.swift; sourceTree = "<group>"; };
		C596208D20B4467200CFEED4 /* String.extension.swift */ = {isa = PBXFileReference; fileEncoding = 4; lastKnownFileType = sourcecode.swift; path = String.extension.swift; sourceTree = "<group>"; };
		C596208E20B4467200CFEED4 /* UIView.extension.swift */ = {isa = PBXFileReference; fileEncoding = 4; lastKnownFileType = sourcecode.swift; path = UIView.extension.swift; sourceTree = "<group>"; };
		C596208F20B4467200CFEED4 /* UIViewController.extension.swift */ = {isa = PBXFileReference; fileEncoding = 4; lastKnownFileType = sourcecode.swift; path = UIViewController.extension.swift; sourceTree = "<group>"; };
		C596209420B4468900CFEED4 /* InfiniteLoopImageView.swift */ = {isa = PBXFileReference; fileEncoding = 4; lastKnownFileType = sourcecode.swift; path = InfiniteLoopImageView.swift; sourceTree = "<group>"; };
		C596209520B4468900CFEED4 /* InfiniteLoopImageViewModel.swift */ = {isa = PBXFileReference; fileEncoding = 4; lastKnownFileType = sourcecode.swift; path = InfiniteLoopImageViewModel.swift; sourceTree = "<group>"; };
/* End PBXFileReference section */

/* Begin PBXFrameworksBuildPhase section */
		C596206D20B4465000CFEED4 /* Frameworks */ = {
			isa = PBXFrameworksBuildPhase;
			buildActionMask = 2147483647;
			files = (
			);
			runOnlyForDeploymentPostprocessing = 0;
		};
		C596207720B4465000CFEED4 /* Frameworks */ = {
			isa = PBXFrameworksBuildPhase;
			buildActionMask = 2147483647;
			files = (
				C596207B20B4465000CFEED4 /* InfiniteLoopImageView.framework in Frameworks */,
			);
			runOnlyForDeploymentPostprocessing = 0;
		};
/* End PBXFrameworksBuildPhase section */

/* Begin PBXGroup section */
		C596206720B4465000CFEED4 = {
			isa = PBXGroup;
			children = (
				C511609220B512B400FE964B /* .travis.yml */,
				C596207320B4465000CFEED4 /* InfiniteLoopImageView */,
				C596207E20B4465000CFEED4 /* InfiniteLoopImageViewTests */,
				C596207220B4465000CFEED4 /* Products */,
			);
			sourceTree = "<group>";
		};
		C596207220B4465000CFEED4 /* Products */ = {
			isa = PBXGroup;
			children = (
				C596207120B4465000CFEED4 /* InfiniteLoopImageView.framework */,
				C596207A20B4465000CFEED4 /* InfiniteLoopImageViewTests.xctest */,
			);
			name = Products;
			sourceTree = "<group>";
		};
		C596207320B4465000CFEED4 /* InfiniteLoopImageView */ = {
			isa = PBXGroup;
			children = (
				C596209420B4468900CFEED4 /* InfiniteLoopImageView.swift */,
				C596209520B4468900CFEED4 /* InfiniteLoopImageViewModel.swift */,
				C596208B20B4467200CFEED4 /* Extensions */,
				C596207420B4465000CFEED4 /* InfiniteLoopImageView.h */,
				C596207520B4465000CFEED4 /* Info.plist */,
			);
			path = InfiniteLoopImageView;
			sourceTree = "<group>";
		};
		C596207E20B4465000CFEED4 /* InfiniteLoopImageViewTests */ = {
			isa = PBXGroup;
			children = (
				C596207F20B4465000CFEED4 /* InfiniteLoopImageViewTests.swift */,
				C596208120B4465000CFEED4 /* Info.plist */,
			);
			path = InfiniteLoopImageViewTests;
			sourceTree = "<group>";
		};
		C596208B20B4467200CFEED4 /* Extensions */ = {
			isa = PBXGroup;
			children = (
				C596208C20B4467200CFEED4 /* Base.extension.swift */,
				C596208D20B4467200CFEED4 /* String.extension.swift */,
				C596208E20B4467200CFEED4 /* UIView.extension.swift */,
				C596208F20B4467200CFEED4 /* UIViewController.extension.swift */,
			);
			path = Extensions;
			sourceTree = "<group>";
		};
/* End PBXGroup section */

/* Begin PBXHeadersBuildPhase section */
		C596206E20B4465000CFEED4 /* Headers */ = {
			isa = PBXHeadersBuildPhase;
			buildActionMask = 2147483647;
			files = (
				C596208220B4465000CFEED4 /* InfiniteLoopImageView.h in Headers */,
			);
			runOnlyForDeploymentPostprocessing = 0;
		};
/* End PBXHeadersBuildPhase section */

/* Begin PBXNativeTarget section */
		C596207020B4465000CFEED4 /* InfiniteLoopImageView */ = {
			isa = PBXNativeTarget;
			buildConfigurationList = C596208520B4465000CFEED4 /* Build configuration list for PBXNativeTarget "InfiniteLoopImageView" */;
			buildPhases = (
				C596206C20B4465000CFEED4 /* Sources */,
				C596206D20B4465000CFEED4 /* Frameworks */,
				C596206E20B4465000CFEED4 /* Headers */,
				C596206F20B4465000CFEED4 /* Resources */,
			);
			buildRules = (
			);
			dependencies = (
			);
			name = InfiniteLoopImageView;
			productName = InfiniteLoopImageView;
			productReference = C596207120B4465000CFEED4 /* InfiniteLoopImageView.framework */;
			productType = "com.apple.product-type.framework";
		};
		C596207920B4465000CFEED4 /* InfiniteLoopImageViewTests */ = {
			isa = PBXNativeTarget;
			buildConfigurationList = C596208820B4465000CFEED4 /* Build configuration list for PBXNativeTarget "InfiniteLoopImageViewTests" */;
			buildPhases = (
				C596207620B4465000CFEED4 /* Sources */,
				C596207720B4465000CFEED4 /* Frameworks */,
				C596207820B4465000CFEED4 /* Resources */,
			);
			buildRules = (
			);
			dependencies = (
				C596207D20B4465000CFEED4 /* PBXTargetDependency */,
			);
			name = InfiniteLoopImageViewTests;
			productName = InfiniteLoopImageViewTests;
			productReference = C596207A20B4465000CFEED4 /* InfiniteLoopImageViewTests.xctest */;
			productType = "com.apple.product-type.bundle.unit-test";
		};
/* End PBXNativeTarget section */

/* Begin PBXProject section */
		C596206820B4465000CFEED4 /* Project object */ = {
			isa = PBXProject;
			attributes = {
				LastSwiftUpdateCheck = 0920;
				LastUpgradeCheck = 0920;
				ORGANIZATIONNAME = "Hinomori Hiroya";
				TargetAttributes = {
					C596207020B4465000CFEED4 = {
						CreatedOnToolsVersion = 9.2;
						ProvisioningStyle = Automatic;
					};
					C596207920B4465000CFEED4 = {
						CreatedOnToolsVersion = 9.2;
						ProvisioningStyle = Automatic;
					};
				};
			};
			buildConfigurationList = C596206B20B4465000CFEED4 /* Build configuration list for PBXProject "InfiniteLoopImageView" */;
			compatibilityVersion = "Xcode 8.0";
			developmentRegion = en;
			hasScannedForEncodings = 0;
			knownRegions = (
				en,
			);
			mainGroup = C596206720B4465000CFEED4;
			productRefGroup = C596207220B4465000CFEED4 /* Products */;
			projectDirPath = "";
			projectRoot = "";
			targets = (
				C596207020B4465000CFEED4 /* InfiniteLoopImageView */,
				C596207920B4465000CFEED4 /* InfiniteLoopImageViewTests */,
			);
		};
/* End PBXProject section */

/* Begin PBXResourcesBuildPhase section */
		C596206F20B4465000CFEED4 /* Resources */ = {
			isa = PBXResourcesBuildPhase;
			buildActionMask = 2147483647;
			files = (
				C511609320B512B400FE964B /* .travis.yml in Resources */,
			);
			runOnlyForDeploymentPostprocessing = 0;
		};
		C596207820B4465000CFEED4 /* Resources */ = {
			isa = PBXResourcesBuildPhase;
			buildActionMask = 2147483647;
			files = (
			);
			runOnlyForDeploymentPostprocessing = 0;
		};
/* End PBXResourcesBuildPhase section */

/* Begin PBXSourcesBuildPhase section */
		C596206C20B4465000CFEED4 /* Sources */ = {
			isa = PBXSourcesBuildPhase;
			buildActionMask = 2147483647;
			files = (
				C596209720B4468900CFEED4 /* InfiniteLoopImageViewModel.swift in Sources */,
				C596209220B4467200CFEED4 /* UIView.extension.swift in Sources */,
				C596209020B4467200CFEED4 /* Base.extension.swift in Sources */,
				C596209320B4467200CFEED4 /* UIViewController.extension.swift in Sources */,
				C596209120B4467200CFEED4 /* String.extension.swift in Sources */,
				C596209620B4468900CFEED4 /* InfiniteLoopImageView.swift in Sources */,
			);
			runOnlyForDeploymentPostprocessing = 0;
		};
		C596207620B4465000CFEED4 /* Sources */ = {
			isa = PBXSourcesBuildPhase;
			buildActionMask = 2147483647;
			files = (
				C511609120B508B500FE964B /* UIViewController.extension.swift in Sources */,
				C511608D20B4FC7600FE964B /* InfiniteLoopImageViewModel.swift in Sources */,
				C511609420B5174300FE964B /* InfiniteLoopImageView.swift in Sources */,
				C511608E20B508B500FE964B /* Base.extension.swift in Sources */,
				C596208020B4465000CFEED4 /* InfiniteLoopImageViewTests.swift in Sources */,
				C511608F20B508B500FE964B /* String.extension.swift in Sources */,
				C511609020B508B500FE964B /* UIView.extension.swift in Sources */,
			);
			runOnlyForDeploymentPostprocessing = 0;
		};
/* End PBXSourcesBuildPhase section */

/* Begin PBXTargetDependency section */
		C596207D20B4465000CFEED4 /* PBXTargetDependency */ = {
			isa = PBXTargetDependency;
			target = C596207020B4465000CFEED4 /* InfiniteLoopImageView */;
			targetProxy = C596207C20B4465000CFEED4 /* PBXContainerItemProxy */;
		};
/* End PBXTargetDependency section */

/* Begin XCBuildConfiguration section */
		C596208320B4465000CFEED4 /* Debug */ = {
			isa = XCBuildConfiguration;
			buildSettings = {
				ALWAYS_SEARCH_USER_PATHS = NO;
				CLANG_ANALYZER_NONNULL = YES;
				CLANG_ANALYZER_NUMBER_OBJECT_CONVERSION = YES_AGGRESSIVE;
				CLANG_CXX_LANGUAGE_STANDARD = "gnu++14";
				CLANG_CXX_LIBRARY = "libc++";
				CLANG_ENABLE_MODULES = YES;
				CLANG_ENABLE_OBJC_ARC = YES;
				CLANG_WARN_BLOCK_CAPTURE_AUTORELEASING = YES;
				CLANG_WARN_BOOL_CONVERSION = YES;
				CLANG_WARN_COMMA = YES;
				CLANG_WARN_CONSTANT_CONVERSION = YES;
				CLANG_WARN_DIRECT_OBJC_ISA_USAGE = YES_ERROR;
				CLANG_WARN_DOCUMENTATION_COMMENTS = YES;
				CLANG_WARN_EMPTY_BODY = YES;
				CLANG_WARN_ENUM_CONVERSION = YES;
				CLANG_WARN_INFINITE_RECURSION = YES;
				CLANG_WARN_INT_CONVERSION = YES;
				CLANG_WARN_NON_LITERAL_NULL_CONVERSION = YES;
				CLANG_WARN_OBJC_LITERAL_CONVERSION = YES;
				CLANG_WARN_OBJC_ROOT_CLASS = YES_ERROR;
				CLANG_WARN_RANGE_LOOP_ANALYSIS = YES;
				CLANG_WARN_STRICT_PROTOTYPES = YES;
				CLANG_WARN_SUSPICIOUS_MOVE = YES;
				CLANG_WARN_UNGUARDED_AVAILABILITY = YES_AGGRESSIVE;
				CLANG_WARN_UNREACHABLE_CODE = YES;
				CLANG_WARN__DUPLICATE_METHOD_MATCH = YES;
				CODE_SIGN_IDENTITY = "iPhone Developer";
				COPY_PHASE_STRIP = NO;
				CURRENT_PROJECT_VERSION = 1;
				DEBUG_INFORMATION_FORMAT = dwarf;
				ENABLE_STRICT_OBJC_MSGSEND = YES;
				ENABLE_TESTABILITY = YES;
				GCC_C_LANGUAGE_STANDARD = gnu11;
				GCC_DYNAMIC_NO_PIC = NO;
				GCC_NO_COMMON_BLOCKS = YES;
				GCC_OPTIMIZATION_LEVEL = 0;
				GCC_PREPROCESSOR_DEFINITIONS = (
					"DEBUG=1",
					"$(inherited)",
				);
				GCC_WARN_64_TO_32_BIT_CONVERSION = YES;
				GCC_WARN_ABOUT_RETURN_TYPE = YES_ERROR;
				GCC_WARN_UNDECLARED_SELECTOR = YES;
				GCC_WARN_UNINITIALIZED_AUTOS = YES_AGGRESSIVE;
				GCC_WARN_UNUSED_FUNCTION = YES;
				GCC_WARN_UNUSED_VARIABLE = YES;
				IPHONEOS_DEPLOYMENT_TARGET = 11.2;
				MTL_ENABLE_DEBUG_INFO = YES;
				ONLY_ACTIVE_ARCH = YES;
				SDKROOT = iphoneos;
				SWIFT_ACTIVE_COMPILATION_CONDITIONS = DEBUG;
				SWIFT_OPTIMIZATION_LEVEL = "-Onone";
				VERSIONING_SYSTEM = "apple-generic";
				VERSION_INFO_PREFIX = "";
			};
			name = Debug;
		};
		C596208420B4465000CFEED4 /* Release */ = {
			isa = XCBuildConfiguration;
			buildSettings = {
				ALWAYS_SEARCH_USER_PATHS = NO;
				CLANG_ANALYZER_NONNULL = YES;
				CLANG_ANALYZER_NUMBER_OBJECT_CONVERSION = YES_AGGRESSIVE;
				CLANG_CXX_LANGUAGE_STANDARD = "gnu++14";
				CLANG_CXX_LIBRARY = "libc++";
				CLANG_ENABLE_MODULES = YES;
				CLANG_ENABLE_OBJC_ARC = YES;
				CLANG_WARN_BLOCK_CAPTURE_AUTORELEASING = YES;
				CLANG_WARN_BOOL_CONVERSION = YES;
				CLANG_WARN_COMMA = YES;
				CLANG_WARN_CONSTANT_CONVERSION = YES;
				CLANG_WARN_DIRECT_OBJC_ISA_USAGE = YES_ERROR;
				CLANG_WARN_DOCUMENTATION_COMMENTS = YES;
				CLANG_WARN_EMPTY_BODY = YES;
				CLANG_WARN_ENUM_CONVERSION = YES;
				CLANG_WARN_INFINITE_RECURSION = YES;
				CLANG_WARN_INT_CONVERSION = YES;
				CLANG_WARN_NON_LITERAL_NULL_CONVERSION = YES;
				CLANG_WARN_OBJC_LITERAL_CONVERSION = YES;
				CLANG_WARN_OBJC_ROOT_CLASS = YES_ERROR;
				CLANG_WARN_RANGE_LOOP_ANALYSIS = YES;
				CLANG_WARN_STRICT_PROTOTYPES = YES;
				CLANG_WARN_SUSPICIOUS_MOVE = YES;
				CLANG_WARN_UNGUARDED_AVAILABILITY = YES_AGGRESSIVE;
				CLANG_WARN_UNREACHABLE_CODE = YES;
				CLANG_WARN__DUPLICATE_METHOD_MATCH = YES;
				CODE_SIGN_IDENTITY = "iPhone Developer";
				COPY_PHASE_STRIP = NO;
				CURRENT_PROJECT_VERSION = 1;
				DEBUG_INFORMATION_FORMAT = "dwarf-with-dsym";
				ENABLE_NS_ASSERTIONS = NO;
				ENABLE_STRICT_OBJC_MSGSEND = YES;
				GCC_C_LANGUAGE_STANDARD = gnu11;
				GCC_NO_COMMON_BLOCKS = YES;
				GCC_WARN_64_TO_32_BIT_CONVERSION = YES;
				GCC_WARN_ABOUT_RETURN_TYPE = YES_ERROR;
				GCC_WARN_UNDECLARED_SELECTOR = YES;
				GCC_WARN_UNINITIALIZED_AUTOS = YES_AGGRESSIVE;
				GCC_WARN_UNUSED_FUNCTION = YES;
				GCC_WARN_UNUSED_VARIABLE = YES;
				IPHONEOS_DEPLOYMENT_TARGET = 11.2;
				MTL_ENABLE_DEBUG_INFO = NO;
				SDKROOT = iphoneos;
				SWIFT_OPTIMIZATION_LEVEL = "-Owholemodule";
				VALIDATE_PRODUCT = YES;
				VERSIONING_SYSTEM = "apple-generic";
				VERSION_INFO_PREFIX = "";
			};
			name = Release;
		};
		C596208620B4465000CFEED4 /* Debug */ = {
			isa = XCBuildConfiguration;
			buildSettings = {
				CODE_SIGN_IDENTITY = "";
				CODE_SIGN_STYLE = Automatic;
				DEFINES_MODULE = YES;
				DEVELOPMENT_TEAM = DHY6ZSRL6G;
				DYLIB_COMPATIBILITY_VERSION = 1;
				DYLIB_CURRENT_VERSION = 1;
				DYLIB_INSTALL_NAME_BASE = "@rpath";
				INFOPLIST_FILE = InfiniteLoopImageView/Info.plist;
				INSTALL_PATH = "$(LOCAL_LIBRARY_DIR)/Frameworks";
				IPHONEOS_DEPLOYMENT_TARGET = 9.0;
				LD_RUNPATH_SEARCH_PATHS = "$(inherited) @executable_path/Frameworks @loader_path/Frameworks";
				PRODUCT_BUNDLE_IDENTIFIER = jp.hiroya.hinomori.InfiniteLoopImageView;
				PRODUCT_NAME = "$(TARGET_NAME:c99extidentifier)";
				SKIP_INSTALL = YES;
				SWIFT_VERSION = 4.0;
				TARGETED_DEVICE_FAMILY = "1,2";
			};
			name = Debug;
		};
		C596208720B4465000CFEED4 /* Release */ = {
			isa = XCBuildConfiguration;
			buildSettings = {
				CODE_SIGN_IDENTITY = "";
				CODE_SIGN_STYLE = Automatic;
				DEFINES_MODULE = YES;
				DEVELOPMENT_TEAM = DHY6ZSRL6G;
				DYLIB_COMPATIBILITY_VERSION = 1;
				DYLIB_CURRENT_VERSION = 1;
				DYLIB_INSTALL_NAME_BASE = "@rpath";
				INFOPLIST_FILE = InfiniteLoopImageView/Info.plist;
				INSTALL_PATH = "$(LOCAL_LIBRARY_DIR)/Frameworks";
				IPHONEOS_DEPLOYMENT_TARGET = 9.0;
				LD_RUNPATH_SEARCH_PATHS = "$(inherited) @executable_path/Frameworks @loader_path/Frameworks";
				PRODUCT_BUNDLE_IDENTIFIER = jp.hiroya.hinomori.InfiniteLoopImageView;
				PRODUCT_NAME = "$(TARGET_NAME:c99extidentifier)";
				SKIP_INSTALL = YES;
				SWIFT_VERSION = 4.0;
				TARGETED_DEVICE_FAMILY = "1,2";
			};
			name = Release;
		};
		C596208920B4465000CFEED4 /* Debug */ = {
			isa = XCBuildConfiguration;
			buildSettings = {
				ALWAYS_EMBED_SWIFT_STANDARD_LIBRARIES = YES;
				CODE_SIGN_STYLE = Automatic;
				DEVELOPMENT_TEAM = DHY6ZSRL6G;
				INFOPLIST_FILE = InfiniteLoopImageViewTests/Info.plist;
				LD_RUNPATH_SEARCH_PATHS = "$(inherited) @executable_path/Frameworks @loader_path/Frameworks";
				PRODUCT_BUNDLE_IDENTIFIER = jp.hiroya.hinomori.InfiniteLoopImageViewTests;
				PRODUCT_NAME = "$(TARGET_NAME)";
				SWIFT_VERSION = 4.0;
				TARGETED_DEVICE_FAMILY = "1,2";
			};
			name = Debug;
		};
		C596208A20B4465000CFEED4 /* Release */ = {
			isa = XCBuildConfiguration;
			buildSettings = {
				ALWAYS_EMBED_SWIFT_STANDARD_LIBRARIES = YES;
				CODE_SIGN_STYLE = Automatic;
				DEVELOPMENT_TEAM = DHY6ZSRL6G;
				INFOPLIST_FILE = InfiniteLoopImageViewTests/Info.plist;
				LD_RUNPATH_SEARCH_PATHS = "$(inherited) @executable_path/Frameworks @loader_path/Frameworks";
				PRODUCT_BUNDLE_IDENTIFIER = jp.hiroya.hinomori.InfiniteLoopImageViewTests;
				PRODUCT_NAME = "$(TARGET_NAME)";
				SWIFT_VERSION = 4.0;
				TARGETED_DEVICE_FAMILY = "1,2";
			};
			name = Release;
		};
/* End XCBuildConfiguration section */

/* Begin XCConfigurationList section */
		C596206B20B4465000CFEED4 /* Build configuration list for PBXProject "InfiniteLoopImageView" */ = {
			isa = XCConfigurationList;
			buildConfigurations = (
				C596208320B4465000CFEED4 /* Debug */,
				C596208420B4465000CFEED4 /* Release */,
			);
			defaultConfigurationIsVisible = 0;
			defaultConfigurationName = Release;
		};
		C596208520B4465000CFEED4 /* Build configuration list for PBXNativeTarget "InfiniteLoopImageView" */ = {
			isa = XCConfigurationList;
			buildConfigurations = (
				C596208620B4465000CFEED4 /* Debug */,
				C596208720B4465000CFEED4 /* Release */,
			);
			defaultConfigurationIsVisible = 0;
			defaultConfigurationName = Release;
		};
		C596208820B4465000CFEED4 /* Build configuration list for PBXNativeTarget "InfiniteLoopImageViewTests" */ = {
			isa = XCConfigurationList;
			buildConfigurations = (
				C596208920B4465000CFEED4 /* Debug */,
				C596208A20B4465000CFEED4 /* Release */,
			);
			defaultConfigurationIsVisible = 0;
			defaultConfigurationName = Release;
		};
/* End XCConfigurationList section */
	};
	rootObject = C596206820B4465000CFEED4 /* Project object */;
}
